// !$*UTF8*$!
{
	archiveVersion = 1;
	classes = {
	};
	objectVersion = 50;
	objects = {

/* Begin PBXBuildFile section */
		88E5C98B2295358F0071CB7A /* main.swift in Sources */ = {isa = PBXBuildFile; fileRef = 88E5C98A2295358F0071CB7A /* main.swift */; };
		88E5C992229536460071CB7A /* Team.swift in Sources */ = {isa = PBXBuildFile; fileRef = 88E5C991229536460071CB7A /* Team.swift */; };
		88E5C994229536660071CB7A /* Character.swift in Sources */ = {isa = PBXBuildFile; fileRef = 88E5C993229536660071CB7A /* Character.swift */; };
		88E5C996229536850071CB7A /* Warrior.swift in Sources */ = {isa = PBXBuildFile; fileRef = 88E5C995229536850071CB7A /* Warrior.swift */; };
		88E5C9982295369D0071CB7A /* Weapon.swift in Sources */ = {isa = PBXBuildFile; fileRef = 88E5C9972295369D0071CB7A /* Weapon.swift */; };
		88E5C99A229536B80071CB7A /* Sword.swift in Sources */ = {isa = PBXBuildFile; fileRef = 88E5C999229536B80071CB7A /* Sword.swift */; };
		88E5C99C229536D20071CB7A /* ShockWave.swift in Sources */ = {isa = PBXBuildFile; fileRef = 88E5C99B229536D20071CB7A /* ShockWave.swift */; };
		88E5C99E229536EC0071CB7A /* FlameThrower.swift in Sources */ = {isa = PBXBuildFile; fileRef = 88E5C99D229536EC0071CB7A /* FlameThrower.swift */; };
		88E5C9A0229537050071CB7A /* Chopped.swift in Sources */ = {isa = PBXBuildFile; fileRef = 88E5C99F229537050071CB7A /* Chopped.swift */; };
		88E5C9A222953DE20071CB7A /* GameManager.swift in Sources */ = {isa = PBXBuildFile; fileRef = 88E5C9A122953DE20071CB7A /* GameManager.swift */; };
/* End PBXBuildFile section */

/* Begin PBXCopyFilesBuildPhase section */
		88E5C9852295358F0071CB7A /* CopyFiles */ = {
			isa = PBXCopyFilesBuildPhase;
			buildActionMask = 2147483647;
			dstPath = /usr/share/man/man1/;
			dstSubfolderSpec = 0;
			files = (
			);
			runOnlyForDeploymentPostprocessing = 1;
		};
/* End PBXCopyFilesBuildPhase section */

/* Begin PBXFileReference section */
		88E5C9872295358F0071CB7A /* GameP3 */ = {isa = PBXFileReference; explicitFileType = "compiled.mach-o.executable"; includeInIndex = 0; path = GameP3; sourceTree = BUILT_PRODUCTS_DIR; };
		88E5C98A2295358F0071CB7A /* main.swift */ = {isa = PBXFileReference; lastKnownFileType = sourcecode.swift; path = main.swift; sourceTree = "<group>"; };
		88E5C991229536460071CB7A /* Team.swift */ = {isa = PBXFileReference; lastKnownFileType = sourcecode.swift; path = Team.swift; sourceTree = "<group>"; };
		88E5C993229536660071CB7A /* Character.swift */ = {isa = PBXFileReference; lastKnownFileType = sourcecode.swift; path = Character.swift; sourceTree = "<group>"; };
		88E5C995229536850071CB7A /* Warrior.swift */ = {isa = PBXFileReference; lastKnownFileType = sourcecode.swift; path = Warrior.swift; sourceTree = "<group>"; };
		88E5C9972295369D0071CB7A /* Weapon.swift */ = {isa = PBXFileReference; lastKnownFileType = sourcecode.swift; path = Weapon.swift; sourceTree = "<group>"; };
		88E5C999229536B80071CB7A /* Sword.swift */ = {isa = PBXFileReference; lastKnownFileType = sourcecode.swift; path = Sword.swift; sourceTree = "<group>"; };
		88E5C99B229536D20071CB7A /* ShockWave.swift */ = {isa = PBXFileReference; lastKnownFileType = sourcecode.swift; path = ShockWave.swift; sourceTree = "<group>"; };
		88E5C99D229536EC0071CB7A /* FlameThrower.swift */ = {isa = PBXFileReference; lastKnownFileType = sourcecode.swift; path = FlameThrower.swift; sourceTree = "<group>"; };
		88E5C99F229537050071CB7A /* Chopped.swift */ = {isa = PBXFileReference; lastKnownFileType = sourcecode.swift; path = Chopped.swift; sourceTree = "<group>"; };
		88E5C9A122953DE20071CB7A /* GameManager.swift */ = {isa = PBXFileReference; lastKnownFileType = sourcecode.swift; path = GameManager.swift; sourceTree = "<group>"; };
/* End PBXFileReference section */

/* Begin PBXFrameworksBuildPhase section */
		88E5C9842295358F0071CB7A /* Frameworks */ = {
			isa = PBXFrameworksBuildPhase;
			buildActionMask = 2147483647;
			files = (
			);
			runOnlyForDeploymentPostprocessing = 0;
		};
/* End PBXFrameworksBuildPhase section */

/* Begin PBXGroup section */
		88E5C97E2295358F0071CB7A = {
			isa = PBXGroup;
			children = (
				88E5C9892295358F0071CB7A /* GameP3 */,
				88E5C9882295358F0071CB7A /* Products */,
			);
			sourceTree = "<group>";
		};
		88E5C9882295358F0071CB7A /* Products */ = {
			isa = PBXGroup;
			children = (
				88E5C9872295358F0071CB7A /* GameP3 */,
			);
			name = Products;
			sourceTree = "<group>";
		};
		88E5C9892295358F0071CB7A /* GameP3 */ = {
			isa = PBXGroup;
			children = (
				88E5C98A2295358F0071CB7A /* main.swift */,
				88E5C9A122953DE20071CB7A /* GameManager.swift */,
				88E5C991229536460071CB7A /* Team.swift */,
				88E5C993229536660071CB7A /* Character.swift */,
				88E5C995229536850071CB7A /* Warrior.swift */,
				88E5C9972295369D0071CB7A /* Weapon.swift */,
				88E5C999229536B80071CB7A /* Sword.swift */,
				88E5C99B229536D20071CB7A /* ShockWave.swift */,
				88E5C99D229536EC0071CB7A /* FlameThrower.swift */,
				88E5C99F229537050071CB7A /* Chopped.swift */,
			);
			path = GameP3;
			sourceTree = "<group>";
		};
/* End PBXGroup section */

/* Begin PBXNativeTarget section */
		88E5C9862295358F0071CB7A /* GameP3 */ = {
			isa = PBXNativeTarget;
			buildConfigurationList = 88E5C98E2295358F0071CB7A /* Build configuration list for PBXNativeTarget "GameP3" */;
			buildPhases = (
				88E5C9832295358F0071CB7A /* Sources */,
				88E5C9842295358F0071CB7A /* Frameworks */,
				88E5C9852295358F0071CB7A /* CopyFiles */,
			);
			buildRules = (
			);
			dependencies = (
			);
			name = GameP3;
			productName = GameP3;
			productReference = 88E5C9872295358F0071CB7A /* GameP3 */;
			productType = "com.apple.product-type.tool";
		};
/* End PBXNativeTarget section */

/* Begin PBXProject section */
		88E5C97F2295358F0071CB7A /* Project object */ = {
			isa = PBXProject;
			attributes = {
				LastSwiftUpdateCheck = 1020;
				LastUpgradeCheck = 1020;
				ORGANIZATIONNAME = "Yann Yver";
				TargetAttributes = {
					88E5C9862295358F0071CB7A = {
						CreatedOnToolsVersion = 10.2.1;
					};
				};
			};
			buildConfigurationList = 88E5C9822295358F0071CB7A /* Build configuration list for PBXProject "GameP3" */;
			compatibilityVersion = "Xcode 9.3";
			developmentRegion = en;
			hasScannedForEncodings = 0;
			knownRegions = (
				en,
			);
			mainGroup = 88E5C97E2295358F0071CB7A;
			productRefGroup = 88E5C9882295358F0071CB7A /* Products */;
			projectDirPath = "";
			projectRoot = "";
			targets = (
				88E5C9862295358F0071CB7A /* GameP3 */,
			);
		};
/* End PBXProject section */

/* Begin PBXSourcesBuildPhase section */
		88E5C9832295358F0071CB7A /* Sources */ = {
			isa = PBXSourcesBuildPhase;
			buildActionMask = 2147483647;
			files = (
				88E5C9A0229537050071CB7A /* Chopped.swift in Sources */,
				88E5C99C229536D20071CB7A /* ShockWave.swift in Sources */,
				88E5C9982295369D0071CB7A /* Weapon.swift in Sources */,
				88E5C994229536660071CB7A /* Character.swift in Sources */,
				88E5C992229536460071CB7A /* Team.swift in Sources */,
				88E5C996229536850071CB7A /* Warrior.swift in Sources */,
				88E5C99E229536EC0071CB7A /* FlameThrower.swift in Sources */,
				88E5C98B2295358F0071CB7A /* main.swift in Sources */,
				88E5C99A229536B80071CB7A /* Sword.swift in Sources */,
				88E5C9A222953DE20071CB7A /* GameManager.swift in Sources */,
			);
			runOnlyForDeploymentPostprocessing = 0;
		};
/* End PBXSourcesBuildPhase section */

/* Begin XCBuildConfiguration section */
		88E5C98C2295358F0071CB7A /* Debug */ = {
			isa = XCBuildConfiguration;
			buildSettings = {
				ALWAYS_SEARCH_USER_PATHS = NO;
				CLANG_ANALYZER_NONNULL = YES;
				CLANG_ANALYZER_NUMBER_OBJECT_CONVERSION = YES_AGGRESSIVE;
				CLANG_CXX_LANGUAGE_STANDARD = "gnu++14";
				CLANG_CXX_LIBRARY = "libc++";
				CLANG_ENABLE_MODULES = YES;
				CLANG_ENABLE_OBJC_ARC = YES;
				CLANG_ENABLE_OBJC_WEAK = YES;
				CLANG_WARN_BLOCK_CAPTURE_AUTORELEASING = YES;
				CLANG_WARN_BOOL_CONVERSION = YES;
				CLANG_WARN_COMMA = YES;
				CLANG_WARN_CONSTANT_CONVERSION = YES;
				CLANG_WARN_DEPRECATED_OBJC_IMPLEMENTATIONS = YES;
				CLANG_WARN_DIRECT_OBJC_ISA_USAGE = YES_ERROR;
				CLANG_WARN_DOCUMENTATION_COMMENTS = YES;
				CLANG_WARN_EMPTY_BODY = YES;
				CLANG_WARN_ENUM_CONVERSION = YES;
				CLANG_WARN_INFINITE_RECURSION = YES;
				CLANG_WARN_INT_CONVERSION = YES;
				CLANG_WARN_NON_LITERAL_NULL_CONVERSION = YES;
				CLANG_WARN_OBJC_IMPLICIT_RETAIN_SELF = YES;
				CLANG_WARN_OBJC_LITERAL_CONVERSION = YES;
				CLANG_WARN_OBJC_ROOT_CLASS = YES_ERROR;
				CLANG_WARN_RANGE_LOOP_ANALYSIS = YES;
				CLANG_WARN_STRICT_PROTOTYPES = YES;
				CLANG_WARN_SUSPICIOUS_MOVE = YES;
				CLANG_WARN_UNGUARDED_AVAILABILITY = YES_AGGRESSIVE;
				CLANG_WARN_UNREACHABLE_CODE = YES;
				CLANG_WARN__DUPLICATE_METHOD_MATCH = YES;
				CODE_SIGN_IDENTITY = "-";
				COPY_PHASE_STRIP = NO;
				DEBUG_INFORMATION_FORMAT = dwarf;
				ENABLE_STRICT_OBJC_MSGSEND = YES;
				ENABLE_TESTABILITY = YES;
				GCC_C_LANGUAGE_STANDARD = gnu11;
				GCC_DYNAMIC_NO_PIC = NO;
				GCC_NO_COMMON_BLOCKS = YES;
				GCC_OPTIMIZATION_LEVEL = 0;
				GCC_PREPROCESSOR_DEFINITIONS = (
					"DEBUG=1",
					"$(inherited)",
				);
				GCC_WARN_64_TO_32_BIT_CONVERSION = YES;
				GCC_WARN_ABOUT_RETURN_TYPE = YES_ERROR;
				GCC_WARN_UNDECLARED_SELECTOR = YES;
				GCC_WARN_UNINITIALIZED_AUTOS = YES_AGGRESSIVE;
				GCC_WARN_UNUSED_FUNCTION = YES;
				GCC_WARN_UNUSED_VARIABLE = YES;
				MACOSX_DEPLOYMENT_TARGET = 10.14;
				MTL_ENABLE_DEBUG_INFO = INCLUDE_SOURCE;
				MTL_FAST_MATH = YES;
				ONLY_ACTIVE_ARCH = YES;
				SDKROOT = macosx;
				SWIFT_ACTIVE_COMPILATION_CONDITIONS = DEBUG;
				SWIFT_OPTIMIZATION_LEVEL = "-Onone";
			};
			name = Debug;
		};
		88E5C98D2295358F0071CB7A /* Release */ = {
			isa = XCBuildConfiguration;
			buildSettings = {
				ALWAYS_SEARCH_USER_PATHS = NO;
				CLANG_ANALYZER_NONNULL = YES;
				CLANG_ANALYZER_NUMBER_OBJECT_CONVERSION = YES_AGGRESSIVE;
				CLANG_CXX_LANGUAGE_STANDARD = "gnu++14";
				CLANG_CXX_LIBRARY = "libc++";
				CLANG_ENABLE_MODULES = YES;
				CLANG_ENABLE_OBJC_ARC = YES;
				CLANG_ENABLE_OBJC_WEAK = YES;
				CLANG_WARN_BLOCK_CAPTURE_AUTORELEASING = YES;
				CLANG_WARN_BOOL_CONVERSION = YES;
				CLANG_WARN_COMMA = YES;
				CLANG_WARN_CONSTANT_CONVERSION = YES;
				CLANG_WARN_DEPRECATED_OBJC_IMPLEMENTATIONS = YES;
				CLANG_WARN_DIRECT_OBJC_ISA_USAGE = YES_ERROR;
				CLANG_WARN_DOCUMENTATION_COMMENTS = YES;
				CLANG_WARN_EMPTY_BODY = YES;
				CLANG_WARN_ENUM_CONVERSION = YES;
				CLANG_WARN_INFINITE_RECURSION = YES;
				CLANG_WARN_INT_CONVERSION = YES;
				CLANG_WARN_NON_LITERAL_NULL_CONVERSION = YES;
				CLANG_WARN_OBJC_IMPLICIT_RETAIN_SELF = YES;
				CLANG_WARN_OBJC_LITERAL_CONVERSION = YES;
				CLANG_WARN_OBJC_ROOT_CLASS = YES_ERROR;
				CLANG_WARN_RANGE_LOOP_ANALYSIS = YES;
				CLANG_WARN_STRICT_PROTOTYPES = YES;
				CLANG_WARN_SUSPICIOUS_MOVE = YES;
				CLANG_WARN_UNGUARDED_AVAILABILITY = YES_AGGRESSIVE;
				CLANG_WARN_UNREACHABLE_CODE = YES;
				CLANG_WARN__DUPLICATE_METHOD_MATCH = YES;
				CODE_SIGN_IDENTITY = "-";
				COPY_PHASE_STRIP = NO;
				DEBUG_INFORMATION_FORMAT = "dwarf-with-dsym";
				ENABLE_NS_ASSERTIONS = NO;
				ENABLE_STRICT_OBJC_MSGSEND = YES;
				GCC_C_LANGUAGE_STANDARD = gnu11;
				GCC_NO_COMMON_BLOCKS = YES;
				GCC_WARN_64_TO_32_BIT_CONVERSION = YES;
				GCC_WARN_ABOUT_RETURN_TYPE = YES_ERROR;
				GCC_WARN_UNDECLARED_SELECTOR = YES;
				GCC_WARN_UNINITIALIZED_AUTOS = YES_AGGRESSIVE;
				GCC_WARN_UNUSED_FUNCTION = YES;
				GCC_WARN_UNUSED_VARIABLE = YES;
				MACOSX_DEPLOYMENT_TARGET = 10.14;
				MTL_ENABLE_DEBUG_INFO = NO;
				MTL_FAST_MATH = YES;
				SDKROOT = macosx;
				SWIFT_COMPILATION_MODE = wholemodule;
				SWIFT_OPTIMIZATION_LEVEL = "-O";
			};
			name = Release;
		};
		88E5C98F2295358F0071CB7A /* Debug */ = {
			isa = XCBuildConfiguration;
			buildSettings = {
				CODE_SIGN_STYLE = Automatic;
				PRODUCT_NAME = "$(TARGET_NAME)";
				SWIFT_VERSION = 5.0;
			};
			name = Debug;
		};
		88E5C9902295358F0071CB7A /* Release */ = {
			isa = XCBuildConfiguration;
			buildSettings = {
				CODE_SIGN_STYLE = Automatic;
				PRODUCT_NAME = "$(TARGET_NAME)";
				SWIFT_VERSION = 5.0;
			};
			name = Release;
		};
/* End XCBuildConfiguration section */

/* Begin XCConfigurationList section */
		88E5C9822295358F0071CB7A /* Build configuration list for PBXProject "GameP3" */ = {
			isa = XCConfigurationList;
			buildConfigurations = (
				88E5C98C2295358F0071CB7A /* Debug */,
				88E5C98D2295358F0071CB7A /* Release */,
			);
			defaultConfigurationIsVisible = 0;
			defaultConfigurationName = Release;
		};
		88E5C98E2295358F0071CB7A /* Build configuration list for PBXNativeTarget "GameP3" */ = {
			isa = XCConfigurationList;
			buildConfigurations = (
				88E5C98F2295358F0071CB7A /* Debug */,
				88E5C9902295358F0071CB7A /* Release */,
			);
			defaultConfigurationIsVisible = 0;
			defaultConfigurationName = Release;
		};
/* End XCConfigurationList section */
	};
	rootObject = 88E5C97F2295358F0071CB7A /* Project object */;
}
